
Microsoft Visual Studio Solution File, Format Version 12.00
# Visual Studio Version 17
VisualStudioVersion = 17.0.32112.339
MinimumVisualStudioVersion = 10.0.40219.1
Project("{FAE04EC0-301F-11D3-BF4B-00C04F79EFBC}") = "MyFirstWindowsService", "MyFirstWindowsService\MyFirstWindowsService.csproj", "{F1A185B5-230F-40EF-8B15-F368921FE3F3}"
EndProject
Global
	GlobalSection(SolutionConfigurationPlatforms) = preSolution
		Debug|Any CPU = Debug|Any CPU
		Release|Any CPU = Release|Any CPU
	EndGlobalSection
	GlobalSection(ProjectConfigurationPlatforms) = postSolution
		{F1A185B5-230F-40EF-8B15-F368921FE3F3}.Debug|Any CPU.ActiveCfg = Debug|Any CPU
		{F1A185B5-230F-40EF-8B15-F368921FE3F3}.Debug|Any CPU.Build.0 = Debug|Any CPU
		{F1A185B5-230F-40EF-8B15-F368921FE3F3}.Release|Any CPU.ActiveCfg = Release|Any CPU
		{F1A185B5-230F-40EF-8B15-F368921FE3F3}.Release|Any CPU.Build.0 = Release|Any CPU
	EndGlobalSection
	GlobalSection(SolutionProperties) = preSolution
		HideSolutionNode = FALSE
	EndGlobalSection
	GlobalSection(ExtensibilityGlobals) = postSolution
		SolutionGuid = {684B7327-E086-4A73-9436-E6E5E1FCF20D}
	EndGlobalSection
EndGlobal
